// !$*UTF8*$!
{
	archiveVersion = 1;
	classes = {
	};
	objectVersion = 77;
	objects = {

/* Begin PBXBuildFile section */
		CDD069352F57583C00A16FDE /* WidgetKit.framework in Frameworks */ = {isa = PBXBuildFile; fileRef = CDD069342F57583C00A16FDE /* WidgetKit.framework */; };
		CDD069372F57583C00A16FDE /* SwiftUI.framework in Frameworks */ = {isa = PBXBuildFile; fileRef = CDD069362F57583C00A16FDE /* SwiftUI.framework */; };
		CDD069422F57583D00A16FDE /* MetarMateWidgetExtension.appex in Embed Foundation Extensions */ = {isa = PBXBuildFile; fileRef = CDD069322F57583C00A16FDE /* MetarMateWidgetExtension.appex */; settings = {ATTRIBUTES = (RemoveHeadersOnCopy, ); }; };
/* End PBXBuildFile section */

/* Begin PBXContainerItemProxy section */
		CD5153F92F523C8200ADDD8B /* PBXContainerItemProxy */ = {
			isa = PBXContainerItemProxy;
			containerPortal = CD5153E32F523C8000ADDD8B /* Project object */;
			proxyType = 1;
			remoteGlobalIDString = CD5153EA2F523C8000ADDD8B;
			remoteInfo = MetarMate;
		};
		CD5154032F523C8200ADDD8B /* PBXContainerItemProxy */ = {
			isa = PBXContainerItemProxy;
			containerPortal = CD5153E32F523C8000ADDD8B /* Project object */;
			proxyType = 1;
			remoteGlobalIDString = CD5153EA2F523C8000ADDD8B;
			remoteInfo = MetarMate;
		};
		CDD069402F57583D00A16FDE /* PBXContainerItemProxy */ = {
			isa = PBXContainerItemProxy;
			containerPortal = CD5153E32F523C8000ADDD8B /* Project object */;
			proxyType = 1;
			remoteGlobalIDString = CDD069312F57583C00A16FDE;
			remoteInfo = MetarMateWidgetExtension;
		};
/* End PBXContainerItemProxy section */

/* Begin PBXCopyFilesBuildPhase section */
		CDD069472F57583D00A16FDE /* Embed Foundation Extensions */ = {
			isa = PBXCopyFilesBuildPhase;
			buildActionMask = 2147483647;
			dstPath = "";
			dstSubfolderSpec = 13;
			files = (
				CDD069422F57583D00A16FDE /* MetarMateWidgetExtension.appex in Embed Foundation Extensions */,
			);
			name = "Embed Foundation Extensions";
			runOnlyForDeploymentPostprocessing = 0;
		};
/* End PBXCopyFilesBuildPhase section */

/* Begin PBXFileReference section */
		CD5153EB2F523C8000ADDD8B /* MetarMate.app */ = {isa = PBXFileReference; explicitFileType = wrapper.application; includeInIndex = 0; path = MetarMate.app; sourceTree = BUILT_PRODUCTS_DIR; };
		CD5153F82F523C8200ADDD8B /* MetarMateTests.xctest */ = {isa = PBXFileReference; explicitFileType = wrapper.cfbundle; includeInIndex = 0; path = MetarMateTests.xctest; sourceTree = BUILT_PRODUCTS_DIR; };
		CD5154022F523C8200ADDD8B /* MetarMateUITests.xctest */ = {isa = PBXFileReference; explicitFileType = wrapper.cfbundle; includeInIndex = 0; path = MetarMateUITests.xctest; sourceTree = BUILT_PRODUCTS_DIR; };
		CDD069322F57583C00A16FDE /* MetarMateWidgetExtension.appex */ = {isa = PBXFileReference; explicitFileType = "wrapper.app-extension"; includeInIndex = 0; path = MetarMateWidgetExtension.appex; sourceTree = BUILT_PRODUCTS_DIR; };
		CDD069342F57583C00A16FDE /* WidgetKit.framework */ = {isa = PBXFileReference; lastKnownFileType = wrapper.framework; name = WidgetKit.framework; path = System/Library/Frameworks/WidgetKit.framework; sourceTree = SDKROOT; };
		CDD069362F57583C00A16FDE /* SwiftUI.framework */ = {isa = PBXFileReference; lastKnownFileType = wrapper.framework; name = SwiftUI.framework; path = System/Library/Frameworks/SwiftUI.framework; sourceTree = SDKROOT; };
		CDD069482F5758ED00A16FDE /* MetarMateWidgetExtension.entitlements */ = {isa = PBXFileReference; lastKnownFileType = text.plist.entitlements; path = MetarMateWidgetExtension.entitlements; sourceTree = "<group>"; };
/* End PBXFileReference section */

/* Begin PBXFileSystemSynchronizedBuildFileExceptionSet section */
		CDD069432F57583D00A16FDE /* Exceptions for "MetarMateWidget" folder in "MetarMateWidgetExtension" target */ = {
			isa = PBXFileSystemSynchronizedBuildFileExceptionSet;
			membershipExceptions = (
				Info.plist,
			);
			target = CDD069312F57583C00A16FDE /* MetarMateWidgetExtension */;
		};
		CDD069522F575C1600A16FDE /* Exceptions for "MetarMate" folder in "MetarMateWidgetExtension" target */ = {
			isa = PBXFileSystemSynchronizedBuildFileExceptionSet;
			membershipExceptions = (
				Intents/SelectAirportIntent.swift,
				Models/AdvisoryWeather.swift,
				Models/Airport.swift,
				Models/Metar.swift,
				Models/Taf.swift,
				Models/TafVerification.swift,
				Models/WeatherTrend.swift,
				Models/WidgetWeatherSnapshot.swift,
				Services/WidgetDataManager.swift,
				Utilities/Extensions.swift,
				Utilities/MetarParser.swift,
				Utilities/SharedTypes.swift,
			);
			target = CDD069312F57583C00A16FDE /* MetarMateWidgetExtension */;
		};
/* End PBXFileSystemSynchronizedBuildFileExceptionSet section */

/* Begin PBXFileSystemSynchronizedRootGroup section */
		CD5153ED2F523C8000ADDD8B /* MetarMate */ = {
			isa = PBXFileSystemSynchronizedRootGroup;
			exceptions = (
				CDD069522F575C1600A16FDE /* Exceptions for "MetarMate" folder in "MetarMateWidgetExtension" target */,
			);
			path = MetarMate;
			sourceTree = "<group>";
		};
		CD5153FB2F523C8200ADDD8B /* MetarMateTests */ = {
			isa = PBXFileSystemSynchronizedRootGroup;
			path = MetarMateTests;
			sourceTree = "<group>";
		};
		CD5154052F523C8200ADDD8B /* MetarMateUITests */ = {
			isa = PBXFileSystemSynchronizedRootGroup;
			path = MetarMateUITests;
			sourceTree = "<group>";
		};
		CDD069382F57583C00A16FDE /* MetarMateWidget */ = {
			isa = PBXFileSystemSynchronizedRootGroup;
			exceptions = (
				CDD069432F57583D00A16FDE /* Exceptions for "MetarMateWidget" folder in "MetarMateWidgetExtension" target */,
			);
			path = MetarMateWidget;
			sourceTree = "<group>";
		};
/* End PBXFileSystemSynchronizedRootGroup section */

/* Begin PBXFrameworksBuildPhase section */
		CD5153E82F523C8000ADDD8B /* Frameworks */ = {
			isa = PBXFrameworksBuildPhase;
			buildActionMask = 2147483647;
			files = (
			);
			runOnlyForDeploymentPostprocessing = 0;
		};
		CD5153F52F523C8200ADDD8B /* Frameworks */ = {
			isa = PBXFrameworksBuildPhase;
			buildActionMask = 2147483647;
			files = (
			);
			runOnlyForDeploymentPostprocessing = 0;
		};
		CD5153FF2F523C8200ADDD8B /* Frameworks */ = {
			isa = PBXFrameworksBuildPhase;
			buildActionMask = 2147483647;
			files = (
			);
			runOnlyForDeploymentPostprocessing = 0;
		};
		CDD0692F2F57583C00A16FDE /* Frameworks */ = {
			isa = PBXFrameworksBuildPhase;
			buildActionMask = 2147483647;
			files = (
				CDD069372F57583C00A16FDE /* SwiftUI.framework in Frameworks */,
				CDD069352F57583C00A16FDE /* WidgetKit.framework in Frameworks */,
			);
			runOnlyForDeploymentPostprocessing = 0;
		};
/* End PBXFrameworksBuildPhase section */

/* Begin PBXGroup section */
		CD5153E22F523C8000ADDD8B = {
			isa = PBXGroup;
			children = (
				CDD069482F5758ED00A16FDE /* MetarMateWidgetExtension.entitlements */,
				CD5153ED2F523C8000ADDD8B /* MetarMate */,
				CD5153FB2F523C8200ADDD8B /* MetarMateTests */,
				CD5154052F523C8200ADDD8B /* MetarMateUITests */,
				CDD069382F57583C00A16FDE /* MetarMateWidget */,
				CDD069332F57583C00A16FDE /* Frameworks */,
				CD5153EC2F523C8000ADDD8B /* Products */,
			);
			sourceTree = "<group>";
		};
		CD5153EC2F523C8000ADDD8B /* Products */ = {
			isa = PBXGroup;
			children = (
				CD5153EB2F523C8000ADDD8B /* MetarMate.app */,
				CD5153F82F523C8200ADDD8B /* MetarMateTests.xctest */,
				CD5154022F523C8200ADDD8B /* MetarMateUITests.xctest */,
				CDD069322F57583C00A16FDE /* MetarMateWidgetExtension.appex */,
			);
			name = Products;
			sourceTree = "<group>";
		};
		CDD069332F57583C00A16FDE /* Frameworks */ = {
			isa = PBXGroup;
			children = (
				CDD069342F57583C00A16FDE /* WidgetKit.framework */,
				CDD069362F57583C00A16FDE /* SwiftUI.framework */,
			);
			name = Frameworks;
			sourceTree = "<group>";
		};
/* End PBXGroup section */

/* Begin PBXNativeTarget section */
		CD5153EA2F523C8000ADDD8B /* MetarMate */ = {
			isa = PBXNativeTarget;
			buildConfigurationList = CD51540C2F523C8200ADDD8B /* Build configuration list for PBXNativeTarget "MetarMate" */;
			buildPhases = (
				CD5153E72F523C8000ADDD8B /* Sources */,
				CD5153E82F523C8000ADDD8B /* Frameworks */,
				CD5153E92F523C8000ADDD8B /* Resources */,
				CDD069472F57583D00A16FDE /* Embed Foundation Extensions */,
			);
			buildRules = (
			);
			dependencies = (
				CDD069412F57583D00A16FDE /* PBXTargetDependency */,
			);
			fileSystemSynchronizedGroups = (
				CD5153ED2F523C8000ADDD8B /* MetarMate */,
			);
			name = MetarMate;
			packageProductDependencies = (
			);
			productName = MetarMate;
			productReference = CD5153EB2F523C8000ADDD8B /* MetarMate.app */;
			productType = "com.apple.product-type.application";
		};
		CD5153F72F523C8200ADDD8B /* MetarMateTests */ = {
			isa = PBXNativeTarget;
			buildConfigurationList = CD51540F2F523C8200ADDD8B /* Build configuration list for PBXNativeTarget "MetarMateTests" */;
			buildPhases = (
				CD5153F42F523C8200ADDD8B /* Sources */,
				CD5153F52F523C8200ADDD8B /* Frameworks */,
				CD5153F62F523C8200ADDD8B /* Resources */,
			);
			buildRules = (
			);
			dependencies = (
				CD5153FA2F523C8200ADDD8B /* PBXTargetDependency */,
			);
			fileSystemSynchronizedGroups = (
				CD5153FB2F523C8200ADDD8B /* MetarMateTests */,
			);
			name = MetarMateTests;
			packageProductDependencies = (
			);
			productName = MetarMateTests;
			productReference = CD5153F82F523C8200ADDD8B /* MetarMateTests.xctest */;
			productType = "com.apple.product-type.bundle.unit-test";
		};
		CD5154012F523C8200ADDD8B /* MetarMateUITests */ = {
			isa = PBXNativeTarget;
			buildConfigurationList = CD5154122F523C8200ADDD8B /* Build configuration list for PBXNativeTarget "MetarMateUITests" */;
			buildPhases = (
				CD5153FE2F523C8200ADDD8B /* Sources */,
				CD5153FF2F523C8200ADDD8B /* Frameworks */,
				CD5154002F523C8200ADDD8B /* Resources */,
			);
			buildRules = (
			);
			dependencies = (
				CD5154042F523C8200ADDD8B /* PBXTargetDependency */,
			);
			fileSystemSynchronizedGroups = (
				CD5154052F523C8200ADDD8B /* MetarMateUITests */,
			);
			name = MetarMateUITests;
			packageProductDependencies = (
			);
			productName = MetarMateUITests;
			productReference = CD5154022F523C8200ADDD8B /* MetarMateUITests.xctest */;
			productType = "com.apple.product-type.bundle.ui-testing";
		};
		CDD069312F57583C00A16FDE /* MetarMateWidgetExtension */ = {
			isa = PBXNativeTarget;
			buildConfigurationList = CDD069442F57583D00A16FDE /* Build configuration list for PBXNativeTarget "MetarMateWidgetExtension" */;
			buildPhases = (
				CDD0692E2F57583C00A16FDE /* Sources */,
				CDD0692F2F57583C00A16FDE /* Frameworks */,
				CDD069302F57583C00A16FDE /* Resources */,
			);
			buildRules = (
			);
			dependencies = (
			);
			fileSystemSynchronizedGroups = (
				CDD069382F57583C00A16FDE /* MetarMateWidget */,
			);
			name = MetarMateWidgetExtension;
			packageProductDependencies = (
			);
			productName = MetarMateWidgetExtension;
			productReference = CDD069322F57583C00A16FDE /* MetarMateWidgetExtension.appex */;
			productType = "com.apple.product-type.app-extension";
		};
/* End PBXNativeTarget section */

/* Begin PBXProject section */
		CD5153E32F523C8000ADDD8B /* Project object */ = {
			isa = PBXProject;
			attributes = {
				BuildIndependentTargetsInParallel = 1;
				LastSwiftUpdateCheck = 2610;
				LastUpgradeCheck = 2610;
				TargetAttributes = {
					CD5153EA2F523C8000ADDD8B = {
						CreatedOnToolsVersion = 26.1.1;
					};
					CD5153F72F523C8200ADDD8B = {
						CreatedOnToolsVersion = 26.1.1;
						TestTargetID = CD5153EA2F523C8000ADDD8B;
					};
					CD5154012F523C8200ADDD8B = {
						CreatedOnToolsVersion = 26.1.1;
						TestTargetID = CD5153EA2F523C8000ADDD8B;
					};
					CDD069312F57583C00A16FDE = {
						CreatedOnToolsVersion = 26.1.1;
					};
				};
			};
			buildConfigurationList = CD5153E62F523C8000ADDD8B /* Build configuration list for PBXProject "MetarMate" */;
			developmentRegion = en;
			hasScannedForEncodings = 0;
			knownRegions = (
				en,
				Base,
			);
			mainGroup = CD5153E22F523C8000ADDD8B;
			minimizedProjectReferenceProxies = 1;
			preferredProjectObjectVersion = 77;
			productRefGroup = CD5153EC2F523C8000ADDD8B /* Products */;
			projectDirPath = "";
			projectRoot = "";
			targets = (
				CD5153EA2F523C8000ADDD8B /* MetarMate */,
				CD5153F72F523C8200ADDD8B /* MetarMateTests */,
				CD5154012F523C8200ADDD8B /* MetarMateUITests */,
				CDD069312F57583C00A16FDE /* MetarMateWidgetExtension */,
			);
		};
/* End PBXProject section */

/* Begin PBXResourcesBuildPhase section */
		CD5153E92F523C8000ADDD8B /* Resources */ = {
			isa = PBXResourcesBuildPhase;
			buildActionMask = 2147483647;
			files = (
			);
			runOnlyForDeploymentPostprocessing = 0;
		};
		CD5153F62F523C8200ADDD8B /* Resources */ = {
			isa = PBXResourcesBuildPhase;
			buildActionMask = 2147483647;
			files = (
			);
			runOnlyForDeploymentPostprocessing = 0;
		};
		CD5154002F523C8200ADDD8B /* Resources */ = {
			isa = PBXResourcesBuildPhase;
			buildActionMask = 2147483647;
			files = (
			);
			runOnlyForDeploymentPostprocessing = 0;
		};
		CDD069302F57583C00A16FDE /* Resources */ = {
			isa = PBXResourcesBuildPhase;
			buildActionMask = 2147483647;
			files = (
			);
			runOnlyForDeploymentPostprocessing = 0;
		};
/* End PBXResourcesBuildPhase section */

/* Begin PBXSourcesBuildPhase section */
		CD5153E72F523C8000ADDD8B /* Sources */ = {
			isa = PBXSourcesBuildPhase;
			buildActionMask = 2147483647;
			files = (
			);
			runOnlyForDeploymentPostprocessing = 0;
		};
		CD5153F42F523C8200ADDD8B /* Sources */ = {
			isa = PBXSourcesBuildPhase;
			buildActionMask = 2147483647;
			files = (
			);
			runOnlyForDeploymentPostprocessing = 0;
		};
		CD5153FE2F523C8200ADDD8B /* Sources */ = {
			isa = PBXSourcesBuildPhase;
			buildActionMask = 2147483647;
			files = (
			);
			runOnlyForDeploymentPostprocessing = 0;
		};
		CDD0692E2F57583C00A16FDE /* Sources */ = {
			isa = PBXSourcesBuildPhase;
			buildActionMask = 2147483647;
			files = (
			);
			runOnlyForDeploymentPostprocessing = 0;
		};
/* End PBXSourcesBuildPhase section */

/* Begin PBXTargetDependency section */
		CD5153FA2F523C8200ADDD8B /* PBXTargetDependency */ = {
			isa = PBXTargetDependency;
			target = CD5153EA2F523C8000ADDD8B /* MetarMate */;
			targetProxy = CD5153F92F523C8200ADDD8B /* PBXContainerItemProxy */;
		};
		CD5154042F523C8200ADDD8B /* PBXTargetDependency */ = {
			isa = PBXTargetDependency;
			target = CD5153EA2F523C8000ADDD8B /* MetarMate */;
			targetProxy = CD5154032F523C8200ADDD8B /* PBXContainerItemProxy */;
		};
		CDD069412F57583D00A16FDE /* PBXTargetDependency */ = {
			isa = PBXTargetDependency;
			target = CDD069312F57583C00A16FDE /* MetarMateWidgetExtension */;
			targetProxy = CDD069402F57583D00A16FDE /* PBXContainerItemProxy */;
		};
/* End PBXTargetDependency section */

/* Begin XCBuildConfiguration section */
		CD51540A2F523C8200ADDD8B /* Debug */ = {
			isa = XCBuildConfiguration;
			buildSettings = {
				ALWAYS_SEARCH_USER_PATHS = NO;
				ASSETCATALOG_COMPILER_GENERATE_SWIFT_ASSET_SYMBOL_EXTENSIONS = YES;
				CLANG_ANALYZER_NONNULL = YES;
				CLANG_ANALYZER_NUMBER_OBJECT_CONVERSION = YES_AGGRESSIVE;
				CLANG_CXX_LANGUAGE_STANDARD = "gnu++20";
				CLANG_ENABLE_MODULES = YES;
				CLANG_ENABLE_OBJC_ARC = YES;
				CLANG_ENABLE_OBJC_WEAK = YES;
				CLANG_WARN_BLOCK_CAPTURE_AUTORELEASING = YES;
				CLANG_WARN_BOOL_CONVERSION = YES;
				CLANG_WARN_COMMA = YES;
				CLANG_WARN_CONSTANT_CONVERSION = YES;
				CLANG_WARN_DEPRECATED_OBJC_IMPLEMENTATIONS = YES;
				CLANG_WARN_DIRECT_OBJC_ISA_USAGE = YES_ERROR;
				CLANG_WARN_DOCUMENTATION_COMMENTS = YES;
				CLANG_WARN_EMPTY_BODY = YES;
				CLANG_WARN_ENUM_CONVERSION = YES;
				CLANG_WARN_INFINITE_RECURSION = YES;
				CLANG_WARN_INT_CONVERSION = YES;
				CLANG_WARN_NON_LITERAL_NULL_CONVERSION = YES;
				CLANG_WARN_OBJC_IMPLICIT_RETAIN_SELF = YES;
				CLANG_WARN_OBJC_LITERAL_CONVERSION = YES;
				CLANG_WARN_OBJC_ROOT_CLASS = YES_ERROR;
				CLANG_WARN_QUOTED_INCLUDE_IN_FRAMEWORK_HEADER = YES;
				CLANG_WARN_RANGE_LOOP_ANALYSIS = YES;
				CLANG_WARN_STRICT_PROTOTYPES = YES;
				CLANG_WARN_SUSPICIOUS_MOVE = YES;
				CLANG_WARN_UNGUARDED_AVAILABILITY = YES_AGGRESSIVE;
				CLANG_WARN_UNREACHABLE_CODE = YES;
				CLANG_WARN__DUPLICATE_METHOD_MATCH = YES;
				COPY_PHASE_STRIP = NO;
				DEBUG_INFORMATION_FORMAT = dwarf;
				DEVELOPMENT_TEAM = JWW5W9WV7J;
				ENABLE_STRICT_OBJC_MSGSEND = YES;
				ENABLE_TESTABILITY = YES;
				ENABLE_USER_SCRIPT_SANDBOXING = YES;
				GCC_C_LANGUAGE_STANDARD = gnu17;
				GCC_DYNAMIC_NO_PIC = NO;
				GCC_NO_COMMON_BLOCKS = YES;
				GCC_OPTIMIZATION_LEVEL = 0;
				GCC_PREPROCESSOR_DEFINITIONS = (
					"DEBUG=1",
					"$(inherited)",
				);
				GCC_WARN_64_TO_32_BIT_CONVERSION = YES;
				GCC_WARN_ABOUT_RETURN_TYPE = YES_ERROR;
				GCC_WARN_UNDECLARED_SELECTOR = YES;
				GCC_WARN_UNINITIALIZED_AUTOS = YES_AGGRESSIVE;
				GCC_WARN_UNUSED_FUNCTION = YES;
				GCC_WARN_UNUSED_VARIABLE = YES;
				LOCALIZATION_PREFERS_STRING_CATALOGS = YES;
				MTL_ENABLE_DEBUG_INFO = INCLUDE_SOURCE;
				MTL_FAST_MATH = YES;
				ONLY_ACTIVE_ARCH = YES;
				SWIFT_ACTIVE_COMPILATION_CONDITIONS = "DEBUG $(inherited)";
				SWIFT_OPTIMIZATION_LEVEL = "-Onone";
			};
			name = Debug;
		};
		CD51540B2F523C8200ADDD8B /* Release */ = {
			isa = XCBuildConfiguration;
			buildSettings = {
				ALWAYS_SEARCH_USER_PATHS = NO;
				ASSETCATALOG_COMPILER_GENERATE_SWIFT_ASSET_SYMBOL_EXTENSIONS = YES;
				CLANG_ANALYZER_NONNULL = YES;
				CLANG_ANALYZER_NUMBER_OBJECT_CONVERSION = YES_AGGRESSIVE;
				CLANG_CXX_LANGUAGE_STANDARD = "gnu++20";
				CLANG_ENABLE_MODULES = YES;
				CLANG_ENABLE_OBJC_ARC = YES;
				CLANG_ENABLE_OBJC_WEAK = YES;
				CLANG_WARN_BLOCK_CAPTURE_AUTORELEASING = YES;
				CLANG_WARN_BOOL_CONVERSION = YES;
				CLANG_WARN_COMMA = YES;
				CLANG_WARN_CONSTANT_CONVERSION = YES;
				CLANG_WARN_DEPRECATED_OBJC_IMPLEMENTATIONS = YES;
				CLANG_WARN_DIRECT_OBJC_ISA_USAGE = YES_ERROR;
				CLANG_WARN_DOCUMENTATION_COMMENTS = YES;
				CLANG_WARN_EMPTY_BODY = YES;
				CLANG_WARN_ENUM_CONVERSION = YES;
				CLANG_WARN_INFINITE_RECURSION = YES;
				CLANG_WARN_INT_CONVERSION = YES;
				CLANG_WARN_NON_LITERAL_NULL_CONVERSION = YES;
				CLANG_WARN_OBJC_IMPLICIT_RETAIN_SELF = YES;
				CLANG_WARN_OBJC_LITERAL_CONVERSION = YES;
				CLANG_WARN_OBJC_ROOT_CLASS = YES_ERROR;
				CLANG_WARN_QUOTED_INCLUDE_IN_FRAMEWORK_HEADER = YES;
				CLANG_WARN_RANGE_LOOP_ANALYSIS = YES;
				CLANG_WARN_STRICT_PROTOTYPES = YES;
				CLANG_WARN_SUSPICIOUS_MOVE = YES;
				CLANG_WARN_UNGUARDED_AVAILABILITY = YES_AGGRESSIVE;
				CLANG_WARN_UNREACHABLE_CODE = YES;
				CLANG_WARN__DUPLICATE_METHOD_MATCH = YES;
				COPY_PHASE_STRIP = NO;
				DEBUG_INFORMATION_FORMAT = "dwarf-with-dsym";
				DEVELOPMENT_TEAM = JWW5W9WV7J;
				ENABLE_NS_ASSERTIONS = NO;
				ENABLE_STRICT_OBJC_MSGSEND = YES;
				ENABLE_USER_SCRIPT_SANDBOXING = YES;
				GCC_C_LANGUAGE_STANDARD = gnu17;
				GCC_NO_COMMON_BLOCKS = YES;
				GCC_WARN_64_TO_32_BIT_CONVERSION = YES;
				GCC_WARN_ABOUT_RETURN_TYPE = YES_ERROR;
				GCC_WARN_UNDECLARED_SELECTOR = YES;
				GCC_WARN_UNINITIALIZED_AUTOS = YES_AGGRESSIVE;
				GCC_WARN_UNUSED_FUNCTION = YES;
				GCC_WARN_UNUSED_VARIABLE = YES;
				LOCALIZATION_PREFERS_STRING_CATALOGS = YES;
				MTL_ENABLE_DEBUG_INFO = NO;
				MTL_FAST_MATH = YES;
				SWIFT_COMPILATION_MODE = wholemodule;
			};
			name = Release;
		};
		CD51540D2F523C8200ADDD8B /* Debug */ = {
			isa = XCBuildConfiguration;
			buildSettings = {
				ASSETCATALOG_COMPILER_APPICON_NAME = AppIcon;
				ASSETCATALOG_COMPILER_GLOBAL_ACCENT_COLOR_NAME = AccentColor;
				CODE_SIGN_ENTITLEMENTS = MetarMate/MetarMate.entitlements;
				CODE_SIGN_STYLE = Automatic;
				CURRENT_PROJECT_VERSION = 18;
				DEVELOPMENT_TEAM = JWW5W9WV7J;
				ENABLE_APP_SANDBOX = YES;
				ENABLE_HARDENED_RUNTIME = YES;
				ENABLE_PREVIEWS = YES;
				ENABLE_USER_SELECTED_FILES = readonly;
				GENERATE_INFOPLIST_FILE = YES;
				INFOPLIST_FILE = Info.plist;
				INFOPLIST_KEY_NSLocationWhenInUseUsageDescription = "MetarMate uses your location to find nearby airports and their weather.";
				INFOPLIST_KEY_NSSiriUsageDescription = "Have Siri check and report flight conditions at the nearest airport to your location.";
				"INFOPLIST_KEY_UIApplicationSceneManifest_Generation[sdk=iphoneos*]" = YES;
				"INFOPLIST_KEY_UIApplicationSceneManifest_Generation[sdk=iphonesimulator*]" = YES;
				"INFOPLIST_KEY_UIApplicationSupportsIndirectInputEvents[sdk=iphoneos*]" = YES;
				"INFOPLIST_KEY_UIApplicationSupportsIndirectInputEvents[sdk=iphonesimulator*]" = YES;
				"INFOPLIST_KEY_UILaunchScreen_Generation[sdk=iphoneos*]" = YES;
				"INFOPLIST_KEY_UILaunchScreen_Generation[sdk=iphonesimulator*]" = YES;
				INFOPLIST_KEY_UIRequiresFullScreen = YES;
				"INFOPLIST_KEY_UIStatusBarStyle[sdk=iphoneos*]" = UIStatusBarStyleDefault;
				"INFOPLIST_KEY_UIStatusBarStyle[sdk=iphonesimulator*]" = UIStatusBarStyleDefault;
				INFOPLIST_KEY_UISupportedInterfaceOrientations = UIInterfaceOrientationPortrait;
				"INFOPLIST_KEY_UISupportedInterfaceOrientations~ipad" = "UIInterfaceOrientationPortrait UIInterfaceOrientationPortraitUpsideDown UIInterfaceOrientationLandscapeLeft UIInterfaceOrientationLandscapeRight";
				IPHONEOS_DEPLOYMENT_TARGET = 17.0;
				LD_RUNPATH_SEARCH_PATHS = "@executable_path/Frameworks";
				"LD_RUNPATH_SEARCH_PATHS[sdk=macosx*]" = "@executable_path/../Frameworks";
				MACOSX_DEPLOYMENT_TARGET = 15.7;
				MARKETING_VERSION = 1.2;
				PRODUCT_BUNDLE_IDENTIFIER = com.jeffquayle.MetarMate;
				PRODUCT_NAME = "$(TARGET_NAME)";
				REGISTER_APP_GROUPS = YES;
				SDKROOT = auto;
				STRING_CATALOG_GENERATE_SYMBOLS = YES;
				SUPPORTED_PLATFORMS = "iphoneos iphonesimulator";
				SUPPORTS_MACCATALYST = NO;
				SWIFT_APPROACHABLE_CONCURRENCY = YES;
				SWIFT_DEFAULT_ACTOR_ISOLATION = MainActor;
				SWIFT_EMIT_LOC_STRINGS = YES;
				SWIFT_UPCOMING_FEATURE_MEMBER_IMPORT_VISIBILITY = YES;
				SWIFT_VERSION = 5.0;
				TARGETED_DEVICE_FAMILY = "1,2";
				XROS_DEPLOYMENT_TARGET = 26.1;
			};
			name = Debug;
		};
		CD51540E2F523C8200ADDD8B /* Release */ = {
			isa = XCBuildConfiguration;
			buildSettings = {
				ASSETCATALOG_COMPILER_APPICON_NAME = AppIcon;
				ASSETCATALOG_COMPILER_GLOBAL_ACCENT_COLOR_NAME = AccentColor;
				CODE_SIGN_ENTITLEMENTS = MetarMate/MetarMate.entitlements;
				CODE_SIGN_STYLE = Automatic;
				CURRENT_PROJECT_VERSION = 18;
				DEVELOPMENT_TEAM = JWW5W9WV7J;
				ENABLE_APP_SANDBOX = YES;
				ENABLE_HARDENED_RUNTIME = YES;
				ENABLE_PREVIEWS = YES;
				ENABLE_USER_SELECTED_FILES = readonly;
				GENERATE_INFOPLIST_FILE = YES;
				INFOPLIST_FILE = Info.plist;
				INFOPLIST_KEY_NSLocationWhenInUseUsageDescription = "MetarMate uses your location to find nearby airports and their weather.";
				INFOPLIST_KEY_NSSiriUsageDescription = "Have Siri check and report flight conditions at the nearest airport to your location.";
				"INFOPLIST_KEY_UIApplicationSceneManifest_Generation[sdk=iphoneos*]" = YES;
				"INFOPLIST_KEY_UIApplicationSceneManifest_Generation[sdk=iphonesimulator*]" = YES;
				"INFOPLIST_KEY_UIApplicationSupportsIndirectInputEvents[sdk=iphoneos*]" = YES;
				"INFOPLIST_KEY_UIApplicationSupportsIndirectInputEvents[sdk=iphonesimulator*]" = YES;
				"INFOPLIST_KEY_UILaunchScreen_Generation[sdk=iphoneos*]" = YES;
				"INFOPLIST_KEY_UILaunchScreen_Generation[sdk=iphonesimulator*]" = YES;
				INFOPLIST_KEY_UIRequiresFullScreen = YES;
				"INFOPLIST_KEY_UIStatusBarStyle[sdk=iphoneos*]" = UIStatusBarStyleDefault;
				"INFOPLIST_KEY_UIStatusBarStyle[sdk=iphonesimulator*]" = UIStatusBarStyleDefault;
				INFOPLIST_KEY_UISupportedInterfaceOrientations = UIInterfaceOrientationPortrait;
				"INFOPLIST_KEY_UISupportedInterfaceOrientations~ipad" = "UIInterfaceOrientationPortrait UIInterfaceOrientationPortraitUpsideDown UIInterfaceOrientationLandscapeLeft UIInterfaceOrientationLandscapeRight";
				IPHONEOS_DEPLOYMENT_TARGET = 17.0;
				LD_RUNPATH_SEARCH_PATHS = "@executable_path/Frameworks";
				"LD_RUNPATH_SEARCH_PATHS[sdk=macosx*]" = "@executable_path/../Frameworks";
				MACOSX_DEPLOYMENT_TARGET = 15.7;
				MARKETING_VERSION = 1.2;
				PRODUCT_BUNDLE_IDENTIFIER = com.jeffquayle.MetarMate;
				PRODUCT_NAME = "$(TARGET_NAME)";
				REGISTER_APP_GROUPS = YES;
				SDKROOT = auto;
				STRING_CATALOG_GENERATE_SYMBOLS = YES;
				SUPPORTED_PLATFORMS = "iphoneos iphonesimulator";
				SUPPORTS_MACCATALYST = NO;
				SWIFT_APPROACHABLE_CONCURRENCY = YES;
				SWIFT_DEFAULT_ACTOR_ISOLATION = MainActor;
				SWIFT_EMIT_LOC_STRINGS = YES;
				SWIFT_UPCOMING_FEATURE_MEMBER_IMPORT_VISIBILITY = YES;
				SWIFT_VERSION = 5.0;
				TARGETED_DEVICE_FAMILY = "1,2";
				XROS_DEPLOYMENT_TARGET = 26.1;
			};
			name = Release;
		};
		CD5154102F523C8200ADDD8B /* Debug */ = {
			isa = XCBuildConfiguration;
			buildSettings = {
				BUNDLE_LOADER = "$(TEST_HOST)";
				CODE_SIGN_STYLE = Automatic;
				CURRENT_PROJECT_VERSION = 1;
				DEVELOPMENT_TEAM = JWW5W9WV7J;
				GENERATE_INFOPLIST_FILE = YES;
				IPHONEOS_DEPLOYMENT_TARGET = 17.0;
				MACOSX_DEPLOYMENT_TARGET = 15.7;
				MARKETING_VERSION = 1.2;
				PRODUCT_BUNDLE_IDENTIFIER = com.jeffquayle.MetarMateTests;
				PRODUCT_NAME = "$(TARGET_NAME)";
				SDKROOT = auto;
				STRING_CATALOG_GENERATE_SYMBOLS = NO;
				SUPPORTED_PLATFORMS = "iphoneos iphonesimulator macosx xros xrsimulator";
				SWIFT_APPROACHABLE_CONCURRENCY = YES;
				SWIFT_EMIT_LOC_STRINGS = NO;
				SWIFT_UPCOMING_FEATURE_MEMBER_IMPORT_VISIBILITY = YES;
				SWIFT_VERSION = 5.0;
				TARGETED_DEVICE_FAMILY = "1,2,7";
				TEST_HOST = "$(BUILT_PRODUCTS_DIR)/MetarMate.app/$(BUNDLE_EXECUTABLE_FOLDER_PATH)/MetarMate";
				XROS_DEPLOYMENT_TARGET = 26.1;
			};
			name = Debug;
		};
		CD5154112F523C8200ADDD8B /* Release */ = {
			isa = XCBuildConfiguration;
			buildSettings = {
				BUNDLE_LOADER = "$(TEST_HOST)";
				CODE_SIGN_STYLE = Automatic;
				CURRENT_PROJECT_VERSION = 1;
				DEVELOPMENT_TEAM = JWW5W9WV7J;
				GENERATE_INFOPLIST_FILE = YES;
				IPHONEOS_DEPLOYMENT_TARGET = 17.0;
				MACOSX_DEPLOYMENT_TARGET = 15.7;
				MARKETING_VERSION = 1.2;
				PRODUCT_BUNDLE_IDENTIFIER = com.jeffquayle.MetarMateTests;
				PRODUCT_NAME = "$(TARGET_NAME)";
				SDKROOT = auto;
				STRING_CATALOG_GENERATE_SYMBOLS = NO;
				SUPPORTED_PLATFORMS = "iphoneos iphonesimulator macosx xros xrsimulator";
				SWIFT_APPROACHABLE_CONCURRENCY = YES;
				SWIFT_EMIT_LOC_STRINGS = NO;
				SWIFT_UPCOMING_FEATURE_MEMBER_IMPORT_VISIBILITY = YES;
				SWIFT_VERSION = 5.0;
				TARGETED_DEVICE_FAMILY = "1,2,7";
				TEST_HOST = "$(BUILT_PRODUCTS_DIR)/MetarMate.app/$(BUNDLE_EXECUTABLE_FOLDER_PATH)/MetarMate";
				XROS_DEPLOYMENT_TARGET = 26.1;
			};
			name = Release;
		};
		CD5154132F523C8200ADDD8B /* Debug */ = {
			isa = XCBuildConfiguration;
			buildSettings = {
				CODE_SIGN_STYLE = Automatic;
				CURRENT_PROJECT_VERSION = 1;
				DEVELOPMENT_TEAM = JWW5W9WV7J;
				GENERATE_INFOPLIST_FILE = YES;
				IPHONEOS_DEPLOYMENT_TARGET = 17.0;
				MACOSX_DEPLOYMENT_TARGET = 15.7;
				MARKETING_VERSION = 1.2;
				PRODUCT_BUNDLE_IDENTIFIER = com.jeffquayle.MetarMateUITests;
				PRODUCT_NAME = "$(TARGET_NAME)";
				SDKROOT = auto;
				STRING_CATALOG_GENERATE_SYMBOLS = NO;
				SUPPORTED_PLATFORMS = "iphoneos iphonesimulator macosx xros xrsimulator";
				SWIFT_APPROACHABLE_CONCURRENCY = YES;
				SWIFT_EMIT_LOC_STRINGS = NO;
				SWIFT_UPCOMING_FEATURE_MEMBER_IMPORT_VISIBILITY = YES;
				SWIFT_VERSION = 5.0;
				TARGETED_DEVICE_FAMILY = "1,2,7";
				TEST_TARGET_NAME = MetarMate;
				XROS_DEPLOYMENT_TARGET = 26.1;
			};
			name = Debug;
		};
		CD5154142F523C8200ADDD8B /* Release */ = {
			isa = XCBuildConfiguration;
			buildSettings = {
				CODE_SIGN_STYLE = Automatic;
				CURRENT_PROJECT_VERSION = 1;
				DEVELOPMENT_TEAM = JWW5W9WV7J;
				GENERATE_INFOPLIST_FILE = YES;
				IPHONEOS_DEPLOYMENT_TARGET = 17.0;
				MACOSX_DEPLOYMENT_TARGET = 15.7;
				MARKETING_VERSION = 1.2;
				PRODUCT_BUNDLE_IDENTIFIER = com.jeffquayle.MetarMateUITests;
				PRODUCT_NAME = "$(TARGET_NAME)";
				SDKROOT = auto;
				STRING_CATALOG_GENERATE_SYMBOLS = NO;
				SUPPORTED_PLATFORMS = "iphoneos iphonesimulator macosx xros xrsimulator";
				SWIFT_APPROACHABLE_CONCURRENCY = YES;
				SWIFT_EMIT_LOC_STRINGS = NO;
				SWIFT_UPCOMING_FEATURE_MEMBER_IMPORT_VISIBILITY = YES;
				SWIFT_VERSION = 5.0;
				TARGETED_DEVICE_FAMILY = "1,2,7";
				TEST_TARGET_NAME = MetarMate;
				XROS_DEPLOYMENT_TARGET = 26.1;
			};
			name = Release;
		};
		CDD069452F57583D00A16FDE /* Debug */ = {
			isa = XCBuildConfiguration;
			buildSettings = {
				ASSETCATALOG_COMPILER_GLOBAL_ACCENT_COLOR_NAME = AccentColor;
				ASSETCATALOG_COMPILER_WIDGET_BACKGROUND_COLOR_NAME = WidgetBackground;
				CODE_SIGN_ENTITLEMENTS = MetarMateWidgetExtension.entitlements;
				CODE_SIGN_STYLE = Automatic;
				CURRENT_PROJECT_VERSION = 18;
				DEVELOPMENT_TEAM = JWW5W9WV7J;
				GENERATE_INFOPLIST_FILE = YES;
				INFOPLIST_FILE = MetarMateWidget/Info.plist;
				INFOPLIST_KEY_CFBundleDisplayName = MetarMateWidget;
				INFOPLIST_KEY_NSHumanReadableCopyright = "";
				IPHONEOS_DEPLOYMENT_TARGET = 17.0;
				LD_RUNPATH_SEARCH_PATHS = (
					"$(inherited)",
					"@executable_path/Frameworks",
					"@executable_path/../../Frameworks",
				);
				MARKETING_VERSION = 1.2;
				PRODUCT_BUNDLE_IDENTIFIER = com.jeffquayle.MetarMate.MetarMateWidget;
				PRODUCT_NAME = "$(TARGET_NAME)";
				SDKROOT = iphoneos;
				SKIP_INSTALL = YES;
				STRING_CATALOG_GENERATE_SYMBOLS = YES;
				SUPPORTED_PLATFORMS = "iphoneos iphonesimulator";
				SUPPORTS_MACCATALYST = NO;
				SUPPORTS_MAC_DESIGNED_FOR_IPHONE_IPAD = NO;
				SUPPORTS_XR_DESIGNED_FOR_IPHONE_IPAD = NO;
				SWIFT_APPROACHABLE_CONCURRENCY = YES;
				SWIFT_EMIT_LOC_STRINGS = YES;
				SWIFT_UPCOMING_FEATURE_MEMBER_IMPORT_VISIBILITY = YES;
				SWIFT_VERSION = 5.0;
				TARGETED_DEVICE_FAMILY = "1,2";
			};
			name = Debug;
		};
		CDD069462F57583D00A16FDE /* Release */ = {
			isa = XCBuildConfiguration;
			buildSettings = {
				ASSETCATALOG_COMPILER_GLOBAL_ACCENT_COLOR_NAME = AccentColor;
				ASSETCATALOG_COMPILER_WIDGET_BACKGROUND_COLOR_NAME = WidgetBackground;
				CODE_SIGN_ENTITLEMENTS = MetarMateWidgetExtension.entitlements;
				CODE_SIGN_STYLE = Automatic;
				CURRENT_PROJECT_VERSION = 18;
				DEVELOPMENT_TEAM = JWW5W9WV7J;
				GENERATE_INFOPLIST_FILE = YES;
				INFOPLIST_FILE = MetarMateWidget/Info.plist;
				INFOPLIST_KEY_CFBundleDisplayName = MetarMateWidget;
				INFOPLIST_KEY_NSHumanReadableCopyright = "";
				IPHONEOS_DEPLOYMENT_TARGET = 17.0;
				LD_RUNPATH_SEARCH_PATHS = (
					"$(inherited)",
					"@executable_path/Frameworks",
					"@executable_path/../../Frameworks",
				);
				MARKETING_VERSION = 1.2;
				PRODUCT_BUNDLE_IDENTIFIER = com.jeffquayle.MetarMate.MetarMateWidget;
				PRODUCT_NAME = "$(TARGET_NAME)";
				SDKROOT = iphoneos;
				SKIP_INSTALL = YES;
				STRING_CATALOG_GENERATE_SYMBOLS = YES;
				SUPPORTED_PLATFORMS = "iphoneos iphonesimulator";
				SUPPORTS_MACCATALYST = NO;
				SUPPORTS_MAC_DESIGNED_FOR_IPHONE_IPAD = NO;
				SUPPORTS_XR_DESIGNED_FOR_IPHONE_IPAD = NO;
				SWIFT_APPROACHABLE_CONCURRENCY = YES;
				SWIFT_EMIT_LOC_STRINGS = YES;
				SWIFT_UPCOMING_FEATURE_MEMBER_IMPORT_VISIBILITY = YES;
				SWIFT_VERSION = 5.0;
				TARGETED_DEVICE_FAMILY = "1,2";
				VALIDATE_PRODUCT = YES;
			};
			name = Release;
		};
/* End XCBuildConfiguration section */

/* Begin XCConfigurationList section */
		CD5153E62F523C8000ADDD8B /* Build configuration list for PBXProject "MetarMate" */ = {
			isa = XCConfigurationList;
			buildConfigurations = (
				CD51540A2F523C8200ADDD8B /* Debug */,
				CD51540B2F523C8200ADDD8B /* Release */,
			);
			defaultConfigurationIsVisible = 0;
			defaultConfigurationName = Release;
		};
		CD51540C2F523C8200ADDD8B /* Build configuration list for PBXNativeTarget "MetarMate" */ = {
			isa = XCConfigurationList;
			buildConfigurations = (
				CD51540D2F523C8200ADDD8B /* Debug */,
				CD51540E2F523C8200ADDD8B /* Release */,
			);
			defaultConfigurationIsVisible = 0;
			defaultConfigurationName = Release;
		};
		CD51540F2F523C8200ADDD8B /* Build configuration list for PBXNativeTarget "MetarMateTests" */ = {
			isa = XCConfigurationList;
			buildConfigurations = (
				CD5154102F523C8200ADDD8B /* Debug */,
				CD5154112F523C8200ADDD8B /* Release */,
			);
			defaultConfigurationIsVisible = 0;
			defaultConfigurationName = Release;
		};
		CD5154122F523C8200ADDD8B /* Build configuration list for PBXNativeTarget "MetarMateUITests" */ = {
			isa = XCConfigurationList;
			buildConfigurations = (
				CD5154132F523C8200ADDD8B /* Debug */,
				CD5154142F523C8200ADDD8B /* Release */,
			);
			defaultConfigurationIsVisible = 0;
			defaultConfigurationName = Release;
		};
		CDD069442F57583D00A16FDE /* Build configuration list for PBXNativeTarget "MetarMateWidgetExtension" */ = {
			isa = XCConfigurationList;
			buildConfigurations = (
				CDD069452F57583D00A16FDE /* Debug */,
				CDD069462F57583D00A16FDE /* Release */,
			);
			defaultConfigurationIsVisible = 0;
			defaultConfigurationName = Release;
		};
/* End XCConfigurationList section */
	};
	rootObject = CD5153E32F523C8000ADDD8B /* Project object */;
}
